// !$*UTF8*$!
{
	archiveVersion = 1;
	classes = {
	};
	objectVersion = 50;
	objects = {

/* Begin PBXBuildFile section */
		EE2DA05924ED1F5600BBC489 /* AppDelegate.swift in Sources */ = {isa = PBXBuildFile; fileRef = EE2DA05824ED1F5600BBC489 /* AppDelegate.swift */; };
		EE2DA05B24ED1F5600BBC489 /* SceneDelegate.swift in Sources */ = {isa = PBXBuildFile; fileRef = EE2DA05A24ED1F5600BBC489 /* SceneDelegate.swift */; };
		EE2DA05D24ED1F5600BBC489 /* ViewController.swift in Sources */ = {isa = PBXBuildFile; fileRef = EE2DA05C24ED1F5600BBC489 /* ViewController.swift */; };
		EE2DA06024ED1F5600BBC489 /* Main.storyboard in Resources */ = {isa = PBXBuildFile; fileRef = EE2DA05E24ED1F5600BBC489 /* Main.storyboard */; };
		EE2DA06324ED1F5700BBC489 /* Pixaby.xcdatamodeld in Sources */ = {isa = PBXBuildFile; fileRef = EE2DA06124ED1F5700BBC489 /* Pixaby.xcdatamodeld */; };
		EE2DA06524ED1F5800BBC489 /* Assets.xcassets in Resources */ = {isa = PBXBuildFile; fileRef = EE2DA06424ED1F5800BBC489 /* Assets.xcassets */; };
		EE2DA06824ED1F5800BBC489 /* LaunchScreen.storyboard in Resources */ = {isa = PBXBuildFile; fileRef = EE2DA06624ED1F5800BBC489 /* LaunchScreen.storyboard */; };
/* End PBXBuildFile section */

/* Begin PBXFileReference section */
		EE2DA05524ED1F5600BBC489 /* Pixaby.app */ = {isa = PBXFileReference; explicitFileType = wrapper.application; includeInIndex = 0; path = Pixaby.app; sourceTree = BUILT_PRODUCTS_DIR; };
		EE2DA05824ED1F5600BBC489 /* AppDelegate.swift */ = {isa = PBXFileReference; lastKnownFileType = sourcecode.swift; path = AppDelegate.swift; sourceTree = "<group>"; };
		EE2DA05A24ED1F5600BBC489 /* SceneDelegate.swift */ = {isa = PBXFileReference; lastKnownFileType = sourcecode.swift; path = SceneDelegate.swift; sourceTree = "<group>"; };
		EE2DA05C24ED1F5600BBC489 /* ViewController.swift */ = {isa = PBXFileReference; lastKnownFileType = sourcecode.swift; path = ViewController.swift; sourceTree = "<group>"; };
		EE2DA05F24ED1F5600BBC489 /* Base */ = {isa = PBXFileReference; lastKnownFileType = file.storyboard; name = Base; path = Base.lproj/Main.storyboard; sourceTree = "<group>"; };
		EE2DA06224ED1F5700BBC489 /* Pixaby.xcdatamodel */ = {isa = PBXFileReference; lastKnownFileType = wrapper.xcdatamodel; path = Pixaby.xcdatamodel; sourceTree = "<group>"; };
		EE2DA06424ED1F5800BBC489 /* Assets.xcassets */ = {isa = PBXFileReference; lastKnownFileType = folder.assetcatalog; path = Assets.xcassets; sourceTree = "<group>"; };
		EE2DA06724ED1F5800BBC489 /* Base */ = {isa = PBXFileReference; lastKnownFileType = file.storyboard; name = Base; path = Base.lproj/LaunchScreen.storyboard; sourceTree = "<group>"; };
		EE2DA06924ED1F5800BBC489 /* Info.plist */ = {isa = PBXFileReference; lastKnownFileType = text.plist.xml; path = Info.plist; sourceTree = "<group>"; };
/* End PBXFileReference section */

/* Begin PBXFrameworksBuildPhase section */
		EE2DA05224ED1F5600BBC489 /* Frameworks */ = {
			isa = PBXFrameworksBuildPhase;
			buildActionMask = 2147483647;
			files = (
			);
			runOnlyForDeploymentPostprocessing = 0;
		};
/* End PBXFrameworksBuildPhase section */

/* Begin PBXGroup section */
		EE2DA04C24ED1F5600BBC489 = {
			isa = PBXGroup;
			children = (
				EE2DA05724ED1F5600BBC489 /* Pixaby */,
				EE2DA05624ED1F5600BBC489 /* Products */,
			);
			sourceTree = "<group>";
		};
		EE2DA05624ED1F5600BBC489 /* Products */ = {
			isa = PBXGroup;
			children = (
				EE2DA05524ED1F5600BBC489 /* Pixaby.app */,
			);
			name = Products;
			sourceTree = "<group>";
		};
		EE2DA05724ED1F5600BBC489 /* Pixaby */ = {
			isa = PBXGroup;
			children = (
				EE2DA05824ED1F5600BBC489 /* AppDelegate.swift */,
				EE2DA05A24ED1F5600BBC489 /* SceneDelegate.swift */,
				EE2DA05C24ED1F5600BBC489 /* ViewController.swift */,
				EE2DA05E24ED1F5600BBC489 /* Main.storyboard */,
				EE2DA06424ED1F5800BBC489 /* Assets.xcassets */,
				EE2DA06624ED1F5800BBC489 /* LaunchScreen.storyboard */,
				EE2DA06924ED1F5800BBC489 /* Info.plist */,
				EE2DA06124ED1F5700BBC489 /* Pixaby.xcdatamodeld */,
			);
			path = Pixaby;
			sourceTree = "<group>";
		};
/* End PBXGroup section */

/* Begin PBXNativeTarget section */
		EE2DA05424ED1F5600BBC489 /* Pixaby */ = {
			isa = PBXNativeTarget;
			buildConfigurationList = EE2DA06C24ED1F5800BBC489 /* Build configuration list for PBXNativeTarget "Pixaby" */;
			buildPhases = (
				EE2DA05124ED1F5600BBC489 /* Sources */,
				EE2DA05224ED1F5600BBC489 /* Frameworks */,
				EE2DA05324ED1F5600BBC489 /* Resources */,
			);
			buildRules = (
			);
			dependencies = (
			);
			name = Pixaby;
			productName = Pixaby;
			productReference = EE2DA05524ED1F5600BBC489 /* Pixaby.app */;
			productType = "com.apple.product-type.application";
		};
/* End PBXNativeTarget section */

/* Begin PBXProject section */
		EE2DA04D24ED1F5600BBC489 /* Project object */ = {
			isa = PBXProject;
			attributes = {
				LastSwiftUpdateCheck = 1130;
				LastUpgradeCheck = 1130;
				ORGANIZATIONNAME = "Shivam Sharma";
				TargetAttributes = {
					EE2DA05424ED1F5600BBC489 = {
						CreatedOnToolsVersion = 11.3.1;
					};
				};
			};
			buildConfigurationList = EE2DA05024ED1F5600BBC489 /* Build configuration list for PBXProject "Pixaby" */;
			compatibilityVersion = "Xcode 9.3";
			developmentRegion = en;
			hasScannedForEncodings = 0;
			knownRegions = (
				en,
				Base,
			);
			mainGroup = EE2DA04C24ED1F5600BBC489;
			productRefGroup = EE2DA05624ED1F5600BBC489 /* Products */;
			projectDirPath = "";
			projectRoot = "";
			targets = (
				EE2DA05424ED1F5600BBC489 /* Pixaby */,
			);
		};
/* End PBXProject section */

/* Begin PBXResourcesBuildPhase section */
		EE2DA05324ED1F5600BBC489 /* Resources */ = {
			isa = PBXResourcesBuildPhase;
			buildActionMask = 2147483647;
			files = (
				EE2DA06824ED1F5800BBC489 /* LaunchScreen.storyboard in Resources */,
				EE2DA06524ED1F5800BBC489 /* Assets.xcassets in Resources */,
				EE2DA06024ED1F5600BBC489 /* Main.storyboard in Resources */,
			);
			runOnlyForDeploymentPostprocessing = 0;
		};
/* End PBXResourcesBuildPhase section */

/* Begin PBXSourcesBuildPhase section */
		EE2DA05124ED1F5600BBC489 /* Sources */ = {
			isa = PBXSourcesBuildPhase;
			buildActionMask = 2147483647;
			files = (
				EE2DA06324ED1F5700BBC489 /* Pixaby.xcdatamodeld in Sources */,
				EE2DA05D24ED1F5600BBC489 /* ViewController.swift in Sources */,
				EE2DA05924ED1F5600BBC489 /* AppDelegate.swift in Sources */,
				EE2DA05B24ED1F5600BBC489 /* SceneDelegate.swift in Sources */,
			);
			runOnlyForDeploymentPostprocessing = 0;
		};
/* End PBXSourcesBuildPhase section */

/* Begin PBXVariantGroup section */
		EE2DA05E24ED1F5600BBC489 /* Main.storyboard */ = {
			isa = PBXVariantGroup;
			children = (
				EE2DA05F24ED1F5600BBC489 /* Base */,
			);
			name = Main.storyboard;
			sourceTree = "<group>";
		};
		EE2DA06624ED1F5800BBC489 /* LaunchScreen.storyboard */ = {
			isa = PBXVariantGroup;
			children = (
				EE2DA06724ED1F5800BBC489 /* Base */,
			);
			name = LaunchScreen.storyboard;
			sourceTree = "<group>";
		};
/* End PBXVariantGroup section */

/* Begin XCBuildConfiguration section */
		EE2DA06A24ED1F5800BBC489 /* Debug */ = {
			isa = XCBuildConfiguration;
			buildSettings = {
				ALWAYS_SEARCH_USER_PATHS = NO;
				CLANG_ANALYZER_NONNULL = YES;
				CLANG_ANALYZER_NUMBER_OBJECT_CONVERSION = YES_AGGRESSIVE;
				CLANG_CXX_LANGUAGE_STANDARD = "gnu++14";
				CLANG_CXX_LIBRARY = "libc++";
				CLANG_ENABLE_MODULES = YES;
				CLANG_ENABLE_OBJC_ARC = YES;
				CLANG_ENABLE_OBJC_WEAK = YES;
				CLANG_WARN_BLOCK_CAPTURE_AUTORELEASING = YES;
				CLANG_WARN_BOOL_CONVERSION = YES;
				CLANG_WARN_COMMA = YES;
				CLANG_WARN_CONSTANT_CONVERSION = YES;
				CLANG_WARN_DEPRECATED_OBJC_IMPLEMENTATIONS = YES;
				CLANG_WARN_DIRECT_OBJC_ISA_USAGE = YES_ERROR;
				CLANG_WARN_DOCUMENTATION_COMMENTS = YES;
				CLANG_WARN_EMPTY_BODY = YES;
				CLANG_WARN_ENUM_CONVERSION = YES;
				CLANG_WARN_INFINITE_RECURSION = YES;
				CLANG_WARN_INT_CONVERSION = YES;
				CLANG_WARN_NON_LITERAL_NULL_CONVERSION = YES;
				CLANG_WARN_OBJC_IMPLICIT_RETAIN_SELF = YES;
				CLANG_WARN_OBJC_LITERAL_CONVERSION = YES;
				CLANG_WARN_OBJC_ROOT_CLASS = YES_ERROR;
				CLANG_WARN_RANGE_LOOP_ANALYSIS = YES;
				CLANG_WARN_STRICT_PROTOTYPES = YES;
				CLANG_WARN_SUSPICIOUS_MOVE = YES;
				CLANG_WARN_UNGUARDED_AVAILABILITY = YES_AGGRESSIVE;
				CLANG_WARN_UNREACHABLE_CODE = YES;
				CLANG_WARN__DUPLICATE_METHOD_MATCH = YES;
				COPY_PHASE_STRIP = NO;
				DEBUG_INFORMATION_FORMAT = dwarf;
				ENABLE_STRICT_OBJC_MSGSEND = YES;
				ENABLE_TESTABILITY = YES;
				GCC_C_LANGUAGE_STANDARD = gnu11;
				GCC_DYNAMIC_NO_PIC = NO;
				GCC_NO_COMMON_BLOCKS = YES;
				GCC_OPTIMIZATION_LEVEL = 0;
				GCC_PREPROCESSOR_DEFINITIONS = (
					"DEBUG=1",
					"$(inherited)",
				);
				GCC_WARN_64_TO_32_BIT_CONVERSION = YES;
				GCC_WARN_ABOUT_RETURN_TYPE = YES_ERROR;
				GCC_WARN_UNDECLARED_SELECTOR = YES;
				GCC_WARN_UNINITIALIZED_AUTOS = YES_AGGRESSIVE;
				GCC_WARN_UNUSED_FUNCTION = YES;
				GCC_WARN_UNUSED_VARIABLE = YES;
				IPHONEOS_DEPLOYMENT_TARGET = 13.2;
				MTL_ENABLE_DEBUG_INFO = INCLUDE_SOURCE;
				MTL_FAST_MATH = YES;
				ONLY_ACTIVE_ARCH = YES;
				SDKROOT = iphoneos;
				SWIFT_ACTIVE_COMPILATION_CONDITIONS = DEBUG;
				SWIFT_OPTIMIZATION_LEVEL = "-Onone";
			};
			name = Debug;
		};
		EE2DA06B24ED1F5800BBC489 /* Release */ = {
			isa = XCBuildConfiguration;
			buildSettings = {
				ALWAYS_SEARCH_USER_PATHS = NO;
				CLANG_ANALYZER_NONNULL = YES;
				CLANG_ANALYZER_NUMBER_OBJECT_CONVERSION = YES_AGGRESSIVE;
				CLANG_CXX_LANGUAGE_STANDARD = "gnu++14";
				CLANG_CXX_LIBRARY = "libc++";
				CLANG_ENABLE_MODULES = YES;
				CLANG_ENABLE_OBJC_ARC = YES;
				CLANG_ENABLE_OBJC_WEAK = YES;
				CLANG_WARN_BLOCK_CAPTURE_AUTORELEASING = YES;
				CLANG_WARN_BOOL_CONVERSION = YES;
				CLANG_WARN_COMMA = YES;
				CLANG_WARN_CONSTANT_CONVERSION = YES;
				CLANG_WARN_DEPRECATED_OBJC_IMPLEMENTATIONS = YES;
				CLANG_WARN_DIRECT_OBJC_ISA_USAGE = YES_ERROR;
				CLANG_WARN_DOCUMENTATION_COMMENTS = YES;
				CLANG_WARN_EMPTY_BODY = YES;
				CLANG_WARN_ENUM_CONVERSION = YES;
				CLANG_WARN_INFINITE_RECURSION = YES;
				CLANG_WARN_INT_CONVERSION = YES;
				CLANG_WARN_NON_LITERAL_NULL_CONVERSION = YES;
				CLANG_WARN_OBJC_IMPLICIT_RETAIN_SELF = YES;
				CLANG_WARN_OBJC_LITERAL_CONVERSION = YES;
				CLANG_WARN_OBJC_ROOT_CLASS = YES_ERROR;
				CLANG_WARN_RANGE_LOOP_ANALYSIS = YES;
				CLANG_WARN_STRICT_PROTOTYPES = YES;
				CLANG_WARN_SUSPICIOUS_MOVE = YES;
				CLANG_WARN_UNGUARDED_AVAILABILITY = YES_AGGRESSIVE;
				CLANG_WARN_UNREACHABLE_CODE = YES;
				CLANG_WARN__DUPLICATE_METHOD_MATCH = YES;
				COPY_PHASE_STRIP = NO;
				DEBUG_INFORMATION_FORMAT = "dwarf-with-dsym";
				ENABLE_NS_ASSERTIONS = NO;
				ENABLE_STRICT_OBJC_MSGSEND = YES;
				GCC_C_LANGUAGE_STANDARD = gnu11;
				GCC_NO_COMMON_BLOCKS = YES;
				GCC_WARN_64_TO_32_BIT_CONVERSION = YES;
				GCC_WARN_ABOUT_RETURN_TYPE = YES_ERROR;
				GCC_WARN_UNDECLARED_SELECTOR = YES;
				GCC_WARN_UNINITIALIZED_AUTOS = YES_AGGRESSIVE;
				GCC_WARN_UNUSED_FUNCTION = YES;
				GCC_WARN_UNUSED_VARIABLE = YES;
				IPHONEOS_DEPLOYMENT_TARGET = 13.2;
				MTL_ENABLE_DEBUG_INFO = NO;
				MTL_FAST_MATH = YES;
				SDKROOT = iphoneos;
				SWIFT_COMPILATION_MODE = wholemodule;
				SWIFT_OPTIMIZATION_LEVEL = "-O";
				VALIDATE_PRODUCT = YES;
			};
			name = Release;
		};
		EE2DA06D24ED1F5800BBC489 /* Debug */ = {
			isa = XCBuildConfiguration;
			buildSettings = {
				ASSETCATALOG_COMPILER_APPICON_NAME = AppIcon;
				CODE_SIGN_STYLE = Automatic;
				DEVELOPMENT_TEAM = CZ35CTMT62;
				INFOPLIST_FILE = Pixaby/Info.plist;
				LD_RUNPATH_SEARCH_PATHS = (
					"$(inherited)",
					"@executable_path/Frameworks",
				);
				PRODUCT_BUNDLE_IDENTIFIER = shivam.Pixaby;
				PRODUCT_NAME = "$(TARGET_NAME)";
				SWIFT_VERSION = 5.0;
				TARGETED_DEVICE_FAMILY = "1,2";
			};
			name = Debug;
		};
		EE2DA06E24ED1F5800BBC489 /* Release */ = {
			isa = XCBuildConfiguration;
			buildSettings = {
				ASSETCATALOG_COMPILER_APPICON_NAME = AppIcon;
				CODE_SIGN_STYLE = Automatic;
				DEVELOPMENT_TEAM = CZ35CTMT62;
				INFOPLIST_FILE = Pixaby/Info.plist;
				LD_RUNPATH_SEARCH_PATHS = (
					"$(inherited)",
					"@executable_path/Frameworks",
				);
				PRODUCT_BUNDLE_IDENTIFIER = shivam.Pixaby;
				PRODUCT_NAME = "$(TARGET_NAME)";
				SWIFT_VERSION = 5.0;
				TARGETED_DEVICE_FAMILY = "1,2";
			};
			name = Release;
		};
/* End XCBuildConfiguration section */

/* Begin XCConfigurationList section */
		EE2DA05024ED1F5600BBC489 /* Build configuration list for PBXProject "Pixaby" */ = {
			isa = XCConfigurationList;
			buildConfigurations = (
				EE2DA06A24ED1F5800BBC489 /* Debug */,
				EE2DA06B24ED1F5800BBC489 /* Release */,
			);
			defaultConfigurationIsVisible = 0;
			defaultConfigurationName = Release;
		};
		EE2DA06C24ED1F5800BBC489 /* Build configuration list for PBXNativeTarget "Pixaby" */ = {
			isa = XCConfigurationList;
			buildConfigurations = (
				EE2DA06D24ED1F5800BBC489 /* Debug */,
				EE2DA06E24ED1F5800BBC489 /* Release */,
			);
			defaultConfigurationIsVisible = 0;
			defaultConfigurationName = Release;
		};
/* End XCConfigurationList section */

/* Begin XCVersionGroup section */
		EE2DA06124ED1F5700BBC489 /* Pixaby.xcdatamodeld */ = {
			isa = XCVersionGroup;
			children = (
				EE2DA06224ED1F5700BBC489 /* Pixaby.xcdatamodel */,
			);
			currentVersion = EE2DA06224ED1F5700BBC489 /* Pixaby.xcdatamodel */;
			path = Pixaby.xcdatamodeld;
			sourceTree = "<group>";
			versionGroupType = wrapper.xcdatamodel;
		};
/* End XCVersionGroup section */
	};
	rootObject = EE2DA04D24ED1F5600BBC489 /* Project object */;
}
